<?xml version="1.0" encoding="utf-8"?>
<Project ToolsVersion="4.0" xmlns="http://schemas.microsoft.com/developer/msbuild/2003">
  <ItemGroup>
    <Filter Include="Source Files">
      <UniqueIdentifier>{4FC737F1-C7A5-4376-A066-2A32D752A2FF}</UniqueIdentifier>
      <Extensions>cpp;c;cc;cxx;def;odl;idl;hpj;bat;asm;asmx</Extensions>
    </Filter>
    <Filter Include="Source Files\Algorithm">
      <UniqueIdentifier>{7127daf5-1bc2-40f3-a136-e38443c83de2}</UniqueIdentifier>
    </Filter>
    <Filter Include="Source Files\Algorithm\Inexact">
      <UniqueIdentifier>{509c8787-bc36-4834-9c1e-348e12ab7e68}</UniqueIdentifier>
    </Filter>
    <Filter Include="Source Files\Algorithm\LinearSolver">
      <UniqueIdentifier>{29ccf9d4-cd2f-4722-a277-c8b6a38e01dc}</UniqueIdentifier>
    </Filter>
    <Filter Include="Source Files\Contrib">
      <UniqueIdentifier>{2f14d1d2-fd87-4da5-a467-f1bb914f1f12}</UniqueIdentifier>
    </Filter>
    <Filter Include="Source Files\Contrib\CGPenalty">
      <UniqueIdentifier>{8042f1bd-fbba-4c7c-ad41-f9f989bfdb77}</UniqueIdentifier>
    </Filter>
    <Filter Include="Source Files\Contrib\LinearSolverLoader">
      <UniqueIdentifier>{ac76725b-f569-48b2-81e4-5a605b3ec3a9}</UniqueIdentifier>
    </Filter>
    <Filter Include="Source Files\Interfaces">
      <UniqueIdentifier>{fd0255e7-7684-40f2-9491-5fb5b5e1df11}</UniqueIdentifier>
    </Filter>
    <Filter Include="Source Files\LinAlg">
      <UniqueIdentifier>{b690bae8-7ef3-4bb7-a034-c3672a829e82}</UniqueIdentifier>
    </Filter>
    <Filter Include="Source Files\LinAlg\TMatrices">
      <UniqueIdentifier>{956d8d38-c735-4479-9fa5-7d1403f28c14}</UniqueIdentifier>
    </Filter>
    <Filter Include="Source Files\Common">
      <UniqueIdentifier>{6c8751ad-9799-44ea-a0ac-66a978948d81}</UniqueIdentifier>
    </Filter>
    <Filter Include="Header Files">
      <UniqueIdentifier>{93995380-89BD-4b04-88EB-625FBE52EBFB}</UniqueIdentifier>
      <Extensions>h;hpp;hxx;hm;inl;inc;xsd</Extensions>
    </Filter>
    <Filter Include="Resource Files">
      <UniqueIdentifier>{67DA6AB6-F800-4c08-8B7A-83BB121AAD01}</UniqueIdentifier>
      <Extensions>rc;ico;cur;bmp;dlg;rc2;rct;bin;rgs;gif;jpg;jpeg;jpe;resx;tiff;tif;png;wav</Extensions>
    </Filter>
  </ItemGroup>
  <ItemGroup>
    <ClCompile Include="..\..\..\src\Algorithm\IpAdaptiveMuUpdate.cpp">
      <Filter>Source Files\Algorithm</Filter>
    </ClCompile>
    <ClCompile Include="..\..\..\src\Algorithm\IpAlgBuilder.cpp">
      <Filter>Source Files\Algorithm</Filter>
    </ClCompile>
    <ClCompile Include="..\..\..\src\Algorithm\IpAlgorithmRegOp.cpp">
      <Filter>Source Files\Algorithm</Filter>
    </ClCompile>
    <ClCompile Include="..\..\..\src\Algorithm\IpAugRestoSystemSolver.cpp">
      <Filter>Source Files\Algorithm</Filter>
    </ClCompile>
    <ClCompile Include="..\..\..\src\Algorithm\IpBacktrackingLineSearch.cpp">
      <Filter>Source Files\Algorithm</Filter>
    </ClCompile>
    <ClCompile Include="..\..\..\src\Algorithm\IpDefaultIterateInitializer.cpp">
      <Filter>Source Files\Algorithm</Filter>
    </ClCompile>
    <ClCompile Include="..\..\..\src\Algorithm\IpEquilibrationScaling.cpp">
      <Filter>Source Files\Algorithm</Filter>
    </ClCompile>
    <ClCompile Include="..\..\..\src\Algorithm\IpExactHessianUpdater.cpp">
      <Filter>Source Files\Algorithm</Filter>
    </ClCompile>
    <ClCompile Include="..\..\..\src\Algorithm\IpFilter.cpp">
      <Filter>Source Files\Algorithm</Filter>
    </ClCompile>
    <ClCompile Include="..\..\..\src\Algorithm\IpFilterLSAcceptor.cpp">
      <Filter>Source Files\Algorithm</Filter>
    </ClCompile>
    <ClCompile Include="..\..\..\src\Algorithm\IpGenAugSystemSolver.cpp">
      <Filter>Source Files\Algorithm</Filter>
    </ClCompile>
    <ClCompile Include="..\..\..\src\Algorithm\IpGradientScaling.cpp">
      <Filter>Source Files\Algorithm</Filter>
    </ClCompile>
    <ClCompile Include="..\..\..\src\Algorithm\IpIpoptAlg.cpp">
      <Filter>Source Files\Algorithm</Filter>
    </ClCompile>
    <ClCompile Include="..\..\..\src\Algorithm\IpIpoptCalculatedQuantities.cpp">
      <Filter>Source Files\Algorithm</Filter>
    </ClCompile>
    <ClCompile Include="..\..\..\src\Algorithm\IpIpoptData.cpp">
      <Filter>Source Files\Algorithm</Filter>
    </ClCompile>
    <ClCompile Include="..\..\..\src\Algorithm\IpIteratesVector.cpp">
      <Filter>Source Files\Algorithm</Filter>
    </ClCompile>
    <ClCompile Include="..\..\..\src\Algorithm\IpLeastSquareMults.cpp">
      <Filter>Source Files\Algorithm</Filter>
    </ClCompile>
    <ClCompile Include="..\..\..\src\Algorithm\IpLimMemQuasiNewtonUpdater.cpp">
      <Filter>Source Files\Algorithm</Filter>
    </ClCompile>
    <ClCompile Include="..\..\..\src\Algorithm\IpLoqoMuOracle.cpp">
      <Filter>Source Files\Algorithm</Filter>
    </ClCompile>
    <ClCompile Include="..\..\..\src\Algorithm\IpLowRankAugSystemSolver.cpp">
      <Filter>Source Files\Algorithm</Filter>
    </ClCompile>
    <ClCompile Include="..\..\..\src\Algorithm\IpLowRankSSAugSystemSolver.cpp">
      <Filter>Source Files\Algorithm</Filter>
    </ClCompile>
    <ClCompile Include="..\..\..\src\Algorithm\IpMonotoneMuUpdate.cpp">
      <Filter>Source Files\Algorithm</Filter>
    </ClCompile>
    <ClCompile Include="..\..\..\src\Algorithm\IpNLPBoundsRemover.cpp">
      <Filter>Source Files\Algorithm</Filter>
    </ClCompile>
    <ClCompile Include="..\..\..\src\Algorithm\IpNLPScaling.cpp">
      <Filter>Source Files\Algorithm</Filter>
    </ClCompile>
    <ClCompile Include="..\..\..\src\Algorithm\IpOptErrorConvCheck.cpp">
      <Filter>Source Files\Algorithm</Filter>
    </ClCompile>
    <ClCompile Include="..\..\..\src\Algorithm\IpOrigIpoptNLP.cpp">
      <Filter>Source Files\Algorithm</Filter>
    </ClCompile>
    <ClCompile Include="..\..\..\src\Algorithm\IpOrigIterationOutput.cpp">
      <Filter>Source Files\Algorithm</Filter>
    </ClCompile>
    <ClCompile Include="..\..\..\src\Algorithm\IpPDFullSpaceSolver.cpp">
      <Filter>Source Files\Algorithm</Filter>
    </ClCompile>
    <ClCompile Include="..\..\..\src\Algorithm\IpPDPerturbationHandler.cpp">
      <Filter>Source Files\Algorithm</Filter>
    </ClCompile>
    <ClCompile Include="..\..\..\src\Algorithm\IpPDSearchDirCalc.cpp">
      <Filter>Source Files\Algorithm</Filter>
    </ClCompile>
    <ClCompile Include="..\..\..\src\Algorithm\IpPenaltyLSAcceptor.cpp">
      <Filter>Source Files\Algorithm</Filter>
    </ClCompile>
    <ClCompile Include="..\..\..\src\Algorithm\IpProbingMuOracle.cpp">
      <Filter>Source Files\Algorithm</Filter>
    </ClCompile>
    <ClCompile Include="..\..\..\src\Algorithm\IpQualityFunctionMuOracle.cpp">
      <Filter>Source Files\Algorithm</Filter>
    </ClCompile>
    <ClCompile Include="..\..\..\src\Algorithm\IpRestoConvCheck.cpp">
      <Filter>Source Files\Algorithm</Filter>
    </ClCompile>
    <ClCompile Include="..\..\..\src\Algorithm\IpRestoFilterConvCheck.cpp">
      <Filter>Source Files\Algorithm</Filter>
    </ClCompile>
    <ClCompile Include="..\..\..\src\Algorithm\IpRestoIpoptNLP.cpp">
      <Filter>Source Files\Algorithm</Filter>
    </ClCompile>
    <ClCompile Include="..\..\..\src\Algorithm\IpRestoIterateInitializer.cpp">
      <Filter>Source Files\Algorithm</Filter>
    </ClCompile>
    <ClCompile Include="..\..\..\src\Algorithm\IpRestoIterationOutput.cpp">
      <Filter>Source Files\Algorithm</Filter>
    </ClCompile>
    <ClCompile Include="..\..\..\src\Algorithm\IpRestoMinC_1Nrm.cpp">
      <Filter>Source Files\Algorithm</Filter>
    </ClCompile>
    <ClCompile Include="..\..\..\src\Algorithm\IpRestoPenaltyConvCheck.cpp">
      <Filter>Source Files\Algorithm</Filter>
    </ClCompile>
    <ClCompile Include="..\..\..\src\Algorithm\IpRestoRestoPhase.cpp">
      <Filter>Source Files\Algorithm</Filter>
    </ClCompile>
    <ClCompile Include="..\..\..\src\Algorithm\IpStdAugSystemSolver.cpp">
      <Filter>Source Files\Algorithm</Filter>
    </ClCompile>
    <ClCompile Include="..\..\..\src\Algorithm\IpTimingStatistics.cpp">
      <Filter>Source Files\Algorithm</Filter>
    </ClCompile>
    <ClCompile Include="..\..\..\src\Algorithm\IpUserScaling.cpp">
      <Filter>Source Files\Algorithm</Filter>
    </ClCompile>
    <ClCompile Include="..\..\..\src\Algorithm\IpWarmStartIterateInitializer.cpp">
      <Filter>Source Files\Algorithm</Filter>
    </ClCompile>
    <ClCompile Include="..\..\..\src\Algorithm\Inexact\IpInexactAlgBuilder.cpp">
      <Filter>Source Files\Algorithm\Inexact</Filter>
    </ClCompile>
    <ClCompile Include="..\..\..\src\Algorithm\Inexact\IpInexactCq.cpp">
      <Filter>Source Files\Algorithm\Inexact</Filter>
    </ClCompile>
    <ClCompile Include="..\..\..\src\Algorithm\Inexact\IpInexactData.cpp">
      <Filter>Source Files\Algorithm\Inexact</Filter>
    </ClCompile>
    <ClCompile Include="..\..\..\src\Algorithm\Inexact\IpInexactDoglegNormal.cpp">
      <Filter>Source Files\Algorithm\Inexact</Filter>
    </ClCompile>
    <ClCompile Include="..\..\..\src\Algorithm\Inexact\IpInexactLSAcceptor.cpp">
      <Filter>Source Files\Algorithm\Inexact</Filter>
    </ClCompile>
    <ClCompile Include="..\..\..\src\Algorithm\Inexact\IpInexactNewtonNormal.cpp">
      <Filter>Source Files\Algorithm\Inexact</Filter>
    </ClCompile>
    <ClCompile Include="..\..\..\src\Algorithm\Inexact\IpInexactNormalTerminationTester.cpp">
      <Filter>Source Files\Algorithm\Inexact</Filter>
    </ClCompile>
    <ClCompile Include="..\..\..\src\Algorithm\Inexact\IpInexactPDSolver.cpp">
      <Filter>Source Files\Algorithm\Inexact</Filter>
    </ClCompile>
    <ClCompile Include="..\..\..\src\Algorithm\Inexact\IpInexactPDTerminationTester.cpp">
      <Filter>Source Files\Algorithm\Inexact</Filter>
    </ClCompile>
    <ClCompile Include="..\..\..\src\Algorithm\Inexact\IpInexactRegOp.cpp">
      <Filter>Source Files\Algorithm\Inexact</Filter>
    </ClCompile>
    <ClCompile Include="..\..\..\src\Algorithm\Inexact\IpInexactSearchDirCalc.cpp">
      <Filter>Source Files\Algorithm\Inexact</Filter>
    </ClCompile>
    <ClCompile Include="..\..\..\src\Algorithm\Inexact\IpInexactTSymScalingMethod.cpp">
      <Filter>Source Files\Algorithm\Inexact</Filter>
    </ClCompile>
    <ClCompile Include="..\..\..\src\Algorithm\Inexact\IpIterativePardisoSolverInterface.cpp">
      <Filter>Source Files\Algorithm\Inexact</Filter>
    </ClCompile>
    <ClCompile Include="..\..\..\src\Algorithm\Inexact\IpIterativeSolverTerminationTester.cpp">
      <Filter>Source Files\Algorithm\Inexact</Filter>
    </ClCompile>
    <ClCompile Include="..\..\..\src\Algorithm\LinearSolvers\IpLinearSolversRegOp.cpp">
      <Filter>Source Files\Algorithm\LinearSolver</Filter>
    </ClCompile>
    <ClCompile Include="..\..\..\src\Algorithm\LinearSolvers\IpMa27TSolverInterface.cpp">
      <Filter>Source Files\Algorithm\LinearSolver</Filter>
    </ClCompile>
    <ClCompile Include="..\..\..\src\Algorithm\LinearSolvers\IpMa28TDependencyDetector.cpp">
      <Filter>Source Files\Algorithm\LinearSolver</Filter>
    </ClCompile>
    <ClCompile Include="..\..\..\src\Algorithm\LinearSolvers\IpMa57TSolverInterface.cpp">
      <Filter>Source Files\Algorithm\LinearSolver</Filter>
    </ClCompile>
    <ClCompile Include="..\..\..\src\Algorithm\LinearSolvers\IpMa77SolverInterface.cpp">
      <Filter>Source Files\Algorithm\LinearSolver</Filter>
    </ClCompile>
    <ClCompile Include="..\..\..\src\Algorithm\LinearSolvers\IpMa86SolverInterface.cpp">
      <Filter>Source Files\Algorithm\LinearSolver</Filter>
    </ClCompile>
    <ClCompile Include="..\..\..\src\Algorithm\LinearSolvers\IpMa97SolverInterface.cpp">
      <Filter>Source Files\Algorithm\LinearSolver</Filter>
    </ClCompile>
    <ClCompile Include="..\..\..\src\Algorithm\LinearSolvers\IpMc19TSymScalingMethod.cpp">
      <Filter>Source Files\Algorithm\LinearSolver</Filter>
    </ClCompile>
    <ClCompile Include="..\..\..\src\Algorithm\LinearSolvers\IpMumpsSolverInterface.cpp">
      <Filter>Source Files\Algorithm\LinearSolver</Filter>
    </ClCompile>
    <ClCompile Include="..\..\..\src\Algorithm\LinearSolvers\IpPardisoSolverInterface.cpp">
      <Filter>Source Files\Algorithm\LinearSolver</Filter>
    </ClCompile>
    <ClCompile Include="..\..\..\src\Algorithm\LinearSolvers\IpSlackBasedTSymScalingMethod.cpp">
      <Filter>Source Files\Algorithm\LinearSolver</Filter>
    </ClCompile>
    <ClCompile Include="..\..\..\src\Algorithm\LinearSolvers\IpTripletToCSRConverter.cpp">
      <Filter>Source Files\Algorithm\LinearSolver</Filter>
    </ClCompile>
    <ClCompile Include="..\..\..\src\Algorithm\LinearSolvers\IpTSymDependencyDetector.cpp">
      <Filter>Source Files\Algorithm\LinearSolver</Filter>
    </ClCompile>
    <ClCompile Include="..\..\..\src\Algorithm\LinearSolvers\IpTSymLinearSolver.cpp">
      <Filter>Source Files\Algorithm\LinearSolver</Filter>
    </ClCompile>
    <ClCompile Include="..\..\..\src\contrib\CGPenalty\IpCGPenaltyCq.cpp">
      <Filter>Source Files\Contrib\CGPenalty</Filter>
    </ClCompile>
    <ClCompile Include="..\..\..\src\contrib\CGPenalty\IpCGPenaltyData.cpp">
      <Filter>Source Files\Contrib\CGPenalty</Filter>
    </ClCompile>
    <ClCompile Include="..\..\..\src\contrib\CGPenalty\IpCGPenaltyLSAcceptor.cpp">
      <Filter>Source Files\Contrib\CGPenalty</Filter>
    </ClCompile>
    <ClCompile Include="..\..\..\src\contrib\CGPenalty\IpCGPenaltyRegOp.cpp">
      <Filter>Source Files\Contrib\CGPenalty</Filter>
    </ClCompile>
    <ClCompile Include="..\..\..\src\contrib\CGPenalty\IpCGPerturbationHandler.cpp">
      <Filter>Source Files\Contrib\CGPenalty</Filter>
    </ClCompile>
    <ClCompile Include="..\..\..\src\contrib\CGPenalty\IpCGSearchDirCalc.cpp">
      <Filter>Source Files\Contrib\CGPenalty</Filter>
    </ClCompile>
    <ClCompile Include="..\..\..\src\contrib\CGPenalty\IpPiecewisePenalty.cpp">
      <Filter>Source Files\Contrib\CGPenalty</Filter>
    </ClCompile>
    <ClCompile Include="..\..\..\src\contrib\LinearSolverLoader\HSLLoader.c">
      <Filter>Source Files\Contrib\LinearSolverLoader</Filter>
    </ClCompile>
    <ClCompile Include="..\..\..\src\contrib\LinearSolverLoader\LibraryHandler.c">
      <Filter>Source Files\Contrib\LinearSolverLoader</Filter>
    </ClCompile>
    <ClCompile Include="..\..\..\src\contrib\LinearSolverLoader\PardisoLoader.c">
      <Filter>Source Files\Contrib\LinearSolverLoader</Filter>
    </ClCompile>
    <ClCompile Include="..\..\..\src\Interfaces\IpInterfacesRegOp.cpp">
      <Filter>Source Files\Interfaces</Filter>
    </ClCompile>
    <ClCompile Include="..\..\..\src\Interfaces\IpIpoptApplication.cpp">
      <Filter>Source Files\Interfaces</Filter>
    </ClCompile>
    <ClCompile Include="..\..\..\src\Interfaces\IpSolveStatistics.cpp">
      <Filter>Source Files\Interfaces</Filter>
    </ClCompile>
    <ClCompile Include="..\..\..\src\Interfaces\IpStdCInterface.cpp">
      <Filter>Source Files\Interfaces</Filter>
    </ClCompile>
    <ClCompile Include="..\..\..\src\Interfaces\IpStdInterfaceTNLP.cpp">
      <Filter>Source Files\Interfaces</Filter>
    </ClCompile>
    <ClCompile Include="..\..\..\src\Interfaces\IpTNLPAdapter.cpp">
      <Filter>Source Files\Interfaces</Filter>
    </ClCompile>
    <ClCompile Include="..\..\..\src\Interfaces\IpTNLPReducer.cpp">
      <Filter>Source Files\Interfaces</Filter>
    </ClCompile>
    <ClCompile Include="..\..\..\src\LinAlg\IpBlas.cpp">
      <Filter>Source Files\LinAlg</Filter>
    </ClCompile>
    <ClCompile Include="..\..\..\src\LinAlg\IpCompoundMatrix.cpp">
      <Filter>Source Files\LinAlg</Filter>
    </ClCompile>
    <ClCompile Include="..\..\..\src\LinAlg\IpCompoundSymMatrix.cpp">
      <Filter>Source Files\LinAlg</Filter>
    </ClCompile>
    <ClCompile Include="..\..\..\src\LinAlg\IpCompoundVector.cpp">
      <Filter>Source Files\LinAlg</Filter>
    </ClCompile>
    <ClCompile Include="..\..\..\src\LinAlg\IpDenseGenMatrix.cpp">
      <Filter>Source Files\LinAlg</Filter>
    </ClCompile>
    <ClCompile Include="..\..\..\src\LinAlg\IpDenseSymMatrix.cpp">
      <Filter>Source Files\LinAlg</Filter>
    </ClCompile>
    <ClCompile Include="..\..\..\src\LinAlg\IpDenseVector.cpp">
      <Filter>Source Files\LinAlg</Filter>
    </ClCompile>
    <ClCompile Include="..\..\..\src\LinAlg\IpDiagMatrix.cpp">
      <Filter>Source Files\LinAlg</Filter>
    </ClCompile>
    <ClCompile Include="..\..\..\src\LinAlg\IpExpandedMultiVectorMatrix.cpp">
      <Filter>Source Files\LinAlg</Filter>
    </ClCompile>
    <ClCompile Include="..\..\..\src\LinAlg\IpExpansionMatrix.cpp">
      <Filter>Source Files\LinAlg</Filter>
    </ClCompile>
    <ClCompile Include="..\..\..\src\LinAlg\IpIdentityMatrix.cpp">
      <Filter>Source Files\LinAlg</Filter>
    </ClCompile>
    <ClCompile Include="..\..\..\src\LinAlg\IpLapack.cpp">
      <Filter>Source Files\LinAlg</Filter>
    </ClCompile>
    <ClCompile Include="..\..\..\src\LinAlg\IpLowRankUpdateSymMatrix.cpp">
      <Filter>Source Files\LinAlg</Filter>
    </ClCompile>
    <ClCompile Include="..\..\..\src\LinAlg\IpMatrix.cpp">
      <Filter>Source Files\LinAlg</Filter>
    </ClCompile>
    <ClCompile Include="..\..\..\src\LinAlg\IpMultiVectorMatrix.cpp">
      <Filter>Source Files\LinAlg</Filter>
    </ClCompile>
    <ClCompile Include="..\..\..\src\LinAlg\IpScaledMatrix.cpp">
      <Filter>Source Files\LinAlg</Filter>
    </ClCompile>
    <ClCompile Include="..\..\..\src\LinAlg\IpSumMatrix.cpp">
      <Filter>Source Files\LinAlg</Filter>
    </ClCompile>
    <ClCompile Include="..\..\..\src\LinAlg\IpSumSymMatrix.cpp">
      <Filter>Source Files\LinAlg</Filter>
    </ClCompile>
    <ClCompile Include="..\..\..\src\LinAlg\IpSymScaledMatrix.cpp">
      <Filter>Source Files\LinAlg</Filter>
    </ClCompile>
    <ClCompile Include="..\..\..\src\LinAlg\IpTransposeMatrix.cpp">
      <Filter>Source Files\LinAlg</Filter>
    </ClCompile>
    <ClCompile Include="..\..\..\src\LinAlg\IpVector.cpp">
      <Filter>Source Files\LinAlg</Filter>
    </ClCompile>
    <ClCompile Include="..\..\..\src\LinAlg\IpZeroMatrix.cpp">
      <Filter>Source Files\LinAlg</Filter>
    </ClCompile>
    <ClCompile Include="..\..\..\src\LinAlg\TMatrices\IpGenTMatrix.cpp">
      <Filter>Source Files\LinAlg\TMatrices</Filter>
    </ClCompile>
    <ClCompile Include="..\..\..\src\LinAlg\TMatrices\IpSymTMatrix.cpp">
      <Filter>Source Files\LinAlg\TMatrices</Filter>
    </ClCompile>
    <ClCompile Include="..\..\..\src\LinAlg\TMatrices\IpTripletHelper.cpp">
      <Filter>Source Files\LinAlg\TMatrices</Filter>
    </ClCompile>
    <ClCompile Include="..\..\..\src\Common\IpDebug.cpp">
      <Filter>Source Files\Common</Filter>
    </ClCompile>
    <ClCompile Include="..\..\..\src\Common\IpJournalist.cpp">
      <Filter>Source Files\Common</Filter>
    </ClCompile>
    <ClCompile Include="..\..\..\src\Common\IpObserver.cpp">
      <Filter>Source Files\Common</Filter>
    </ClCompile>
    <ClCompile Include="..\..\..\src\Common\IpOptionsList.cpp">
      <Filter>Source Files\Common</Filter>
    </ClCompile>
    <ClCompile Include="..\..\..\src\Common\IpRegOptions.cpp">
      <Filter>Source Files\Common</Filter>
    </ClCompile>
    <ClCompile Include="..\..\..\src\Common\IpTaggedObject.cpp">
      <Filter>Source Files\Common</Filter>
    </ClCompile>
    <ClCompile Include="..\..\..\src\Common\IpUtils.cpp">
      <Filter>Source Files\Common</Filter>
    </ClCompile>
  </ItemGroup>
  <ItemGroup>
    <ClInclude Include="..\..\..\src\LinAlg\TMatrices\IpGenTMatrix.hpp">
      <Filter>Source Files\LinAlg\TMatrices</Filter>
    </ClInclude>
    <ClInclude Include="..\..\..\src\LinAlg\TMatrices\IpSymTMatrix.hpp">
      <Filter>Source Files\LinAlg\TMatrices</Filter>
    </ClInclude>
    <ClInclude Include="..\..\..\src\LinAlg\TMatrices\IpTripletHelper.hpp">
      <Filter>Source Files\LinAlg\TMatrices</Filter>
    </ClInclude>
    <ClInclude Include="config.h">
      <Filter>Header Files</Filter>
    </ClInclude>
    <ClInclude Include="resource.h">
      <Filter>Header Files</Filter>
    </ClInclude>
  </ItemGroup>
  <ItemGroup>
    <ResourceCompile Include="IpOpt.rc">
      <Filter>Resource Files</Filter>
    </ResourceCompile>
  </ItemGroup>
  <ItemGroup>
    <Text Include="..\README.TXT" />
  </ItemGroup>
</Project>